
Microsoft Visual Studio Solution File, Format Version 12.00
# Visual Studio 14
VisualStudioVersion = 14.0.25420.1
MinimumVisualStudioVersion = 10.0.40219.1
Project("{FAE04EC0-301F-11D3-BF4B-00C04F79EFBC}") = "SelectDevice", "SelectDevice\SelectDevice.csproj", "{64E73B77-901D-47B6-8ADF-1AE3A7A6FC5D}"
EndProject
Global
	GlobalSection(SolutionConfigurationPlatforms) = preSolution
		Debug|Any CPU = Debug|Any CPU
		Release|Any CPU = Release|Any CPU
	EndGlobalSection
	GlobalSection(ProjectConfigurationPlatforms) = postSolution
		{64E73B77-901D-47B6-8ADF-1AE3A7A6FC5D}.Debug|Any CPU.ActiveCfg = Debug|Any CPU
		{64E73B77-901D-47B6-8ADF-1AE3A7A6FC5D}.Debug|Any CPU.Build.0 = Debug|Any CPU
		{64E73B77-901D-47B6-8ADF-1AE3A7A6FC5D}.Release|Any CPU.ActiveCfg = Release|Any CPU
		{64E73B77-901D-47B6-8ADF-1AE3A7A6FC5D}.Release|Any CPU.Build.0 = Release|Any CPU
	EndGlobalSection
	GlobalSection(SolutionProperties) = preSolution
		HideSolutionNode = FALSE
	EndGlobalSection
EndGlobal
